// !$*UTF8*$!
{
	archiveVersion = 1;
	classes = {
	};
	objectVersion = 56;
	objects = {

/* Begin PBXBuildFile section */
		4A6C2EDB54C58858911A4413 /* Pods_CoffeeShopApp.framework in Frameworks */ = {isa = PBXBuildFile; fileRef = A877D1EE0EAE87FC15B0F48C /* Pods_CoffeeShopApp.framework */; };
		8612173A2C47F27C0001BE7D /* OrderCoffeeBeansDetailViewController.swift in Sources */ = {isa = PBXBuildFile; fileRef = 861217392C47F27C0001BE7D /* OrderCoffeeBeansDetailViewController.swift */; };
		8612173D2C47F5E40001BE7D /* PassCodeViewController.swift in Sources */ = {isa = PBXBuildFile; fileRef = 8612173C2C47F5E40001BE7D /* PassCodeViewController.swift */; };
		8612173F2C47F6020001BE7D /* Passcode.swift in Sources */ = {isa = PBXBuildFile; fileRef = 8612173E2C47F6020001BE7D /* Passcode.swift */; };
		861217412C47F6500001BE7D /* Pin.swift in Sources */ = {isa = PBXBuildFile; fileRef = 861217402C47F64F0001BE7D /* Pin.swift */; };
		861809E82C1973FA009AEF08 /* CustomNavigationController.swift in Sources */ = {isa = PBXBuildFile; fileRef = 861809E72C1973FA009AEF08 /* CustomNavigationController.swift */; };
		861809EA2C197840009AEF08 /* UIView+ext.swift in Sources */ = {isa = PBXBuildFile; fileRef = 861809E92C197840009AEF08 /* UIView+ext.swift */; };
		861809ED2C19896F009AEF08 /* WelcomeView.swift in Sources */ = {isa = PBXBuildFile; fileRef = 861809EC2C19896F009AEF08 /* WelcomeView.swift */; };
		861809EF2C1989F1009AEF08 /* BonusView.swift in Sources */ = {isa = PBXBuildFile; fileRef = 861809EE2C1989F1009AEF08 /* BonusView.swift */; };
		861809F12C1AC0A1009AEF08 /* FavoriteView.swift in Sources */ = {isa = PBXBuildFile; fileRef = 861809F02C1AC0A1009AEF08 /* FavoriteView.swift */; };
		861809F32C1AC29F009AEF08 /* FavoriteCollectionViewCell.swift in Sources */ = {isa = PBXBuildFile; fileRef = 861809F22C1AC29F009AEF08 /* FavoriteCollectionViewCell.swift */; };
		861809F52C1AC3D9009AEF08 /* CollectionTableViewCell+ext.swift in Sources */ = {isa = PBXBuildFile; fileRef = 861809F42C1AC3D9009AEF08 /* CollectionTableViewCell+ext.swift */; };
		861809F82C1ACC65009AEF08 /* OrderViewController.swift in Sources */ = {isa = PBXBuildFile; fileRef = 861809F72C1ACC65009AEF08 /* OrderViewController.swift */; };
		861809FB2C1AD0CA009AEF08 /* OrderTableViewCell.swift in Sources */ = {isa = PBXBuildFile; fileRef = 861809FA2C1AD0CA009AEF08 /* OrderTableViewCell.swift */; };
		861809FD2C1AD4A4009AEF08 /* DrinksView.swift in Sources */ = {isa = PBXBuildFile; fileRef = 861809FC2C1AD4A4009AEF08 /* DrinksView.swift */; };
		861809FF2C1AD4DD009AEF08 /* DrinksCollectionViewCell.swift in Sources */ = {isa = PBXBuildFile; fileRef = 861809FE2C1AD4DD009AEF08 /* DrinksCollectionViewCell.swift */; };
		862420452C2D7B7E00CB10B3 /* ProfileViewController.swift in Sources */ = {isa = PBXBuildFile; fileRef = 862420442C2D7B7E00CB10B3 /* ProfileViewController.swift */; };
		862420472C2D7CB200CB10B3 /* ProfileHeaderCell.swift in Sources */ = {isa = PBXBuildFile; fileRef = 862420462C2D7CB200CB10B3 /* ProfileHeaderCell.swift */; };
		862420492C2D847200CB10B3 /* LeftLabelRightIconCell.swift in Sources */ = {isa = PBXBuildFile; fileRef = 862420482C2D847200CB10B3 /* LeftLabelRightIconCell.swift */; };
		8624204B2C2D8B6000CB10B3 /* LeftLabelRightButtonCell.swift in Sources */ = {isa = PBXBuildFile; fileRef = 8624204A2C2D8B6000CB10B3 /* LeftLabelRightButtonCell.swift */; };
		862E7F292C1C5392009B7989 /* ScanPayViewController.swift in Sources */ = {isa = PBXBuildFile; fileRef = 862E7F282C1C5392009B7989 /* ScanPayViewController.swift */; };
		862E7F2C2C1C5B63009B7989 /* ScanPayView.swift in Sources */ = {isa = PBXBuildFile; fileRef = 862E7F2B2C1C5B63009B7989 /* ScanPayView.swift */; };
		862E7F2E2C1C5C22009B7989 /* ScanPayCollectionViewCell.swift in Sources */ = {isa = PBXBuildFile; fileRef = 862E7F2D2C1C5C22009B7989 /* ScanPayCollectionViewCell.swift */; };
		865BD45D2C245874005C3FA9 /* RewardView.swift in Sources */ = {isa = PBXBuildFile; fileRef = 865BD45C2C245874005C3FA9 /* RewardView.swift */; };
		8666A2822C526887006DA056 /* CoffeeManager.swift in Sources */ = {isa = PBXBuildFile; fileRef = 8666A2812C526887006DA056 /* CoffeeManager.swift */; };
		8666A2842C52690E006DA056 /* CoffeeModel.swift in Sources */ = {isa = PBXBuildFile; fileRef = 8666A2832C52690E006DA056 /* CoffeeModel.swift */; };
		867EBCD72C09BA4F0013EFE9 /* AppDelegate.swift in Sources */ = {isa = PBXBuildFile; fileRef = 867EBCD62C09BA4F0013EFE9 /* AppDelegate.swift */; };
		867EBCD92C09BA4F0013EFE9 /* SceneDelegate.swift in Sources */ = {isa = PBXBuildFile; fileRef = 867EBCD82C09BA4F0013EFE9 /* SceneDelegate.swift */; };
		867EBCDB2C09BA4F0013EFE9 /* SignUpViewController.swift in Sources */ = {isa = PBXBuildFile; fileRef = 867EBCDA2C09BA4F0013EFE9 /* SignUpViewController.swift */; };
		867EBCE02C09BA510013EFE9 /* Assets.xcassets in Resources */ = {isa = PBXBuildFile; fileRef = 867EBCDF2C09BA510013EFE9 /* Assets.xcassets */; };
		867EBCE32C09BA510013EFE9 /* Base in Resources */ = {isa = PBXBuildFile; fileRef = 867EBCE22C09BA510013EFE9 /* Base */; };
		867EBCEE2C09BA510013EFE9 /* CoffeeShopAppTests.swift in Sources */ = {isa = PBXBuildFile; fileRef = 867EBCED2C09BA510013EFE9 /* CoffeeShopAppTests.swift */; };
		867EBCF82C09BA510013EFE9 /* CoffeeShopAppUITests.swift in Sources */ = {isa = PBXBuildFile; fileRef = 867EBCF72C09BA510013EFE9 /* CoffeeShopAppUITests.swift */; };
		867EBCFA2C09BA510013EFE9 /* CoffeeShopAppUITestsLaunchTests.swift in Sources */ = {isa = PBXBuildFile; fileRef = 867EBCF92C09BA510013EFE9 /* CoffeeShopAppUITestsLaunchTests.swift */; };
		867EBD082C09C1690013EFE9 /* BaseButton.swift in Sources */ = {isa = PBXBuildFile; fileRef = 867EBD072C09C1690013EFE9 /* BaseButton.swift */; };
		867EBD0C2C09C5DC0013EFE9 /* BaseInput.swift in Sources */ = {isa = PBXBuildFile; fileRef = 867EBD0B2C09C5DC0013EFE9 /* BaseInput.swift */; };
		867EBD0E2C0A2D4F0013EFE9 /* BaseShadowView.swift in Sources */ = {isa = PBXBuildFile; fileRef = 867EBD0D2C0A2D4F0013EFE9 /* BaseShadowView.swift */; };
		867EBD102C0A2E020013EFE9 /* LoginViewController.swift in Sources */ = {isa = PBXBuildFile; fileRef = 867EBD0F2C0A2E020013EFE9 /* LoginViewController.swift */; };
		867EBD132C0A32220013EFE9 /* OnboardingViewController.swift in Sources */ = {isa = PBXBuildFile; fileRef = 867EBD122C0A32220013EFE9 /* OnboardingViewController.swift */; };
		867EBD152C0A33170013EFE9 /* OnboardingModel.swift in Sources */ = {isa = PBXBuildFile; fileRef = 867EBD142C0A33170013EFE9 /* OnboardingModel.swift */; };
		867EBD172C0A34230013EFE9 /* OnboardingCollectionViewCell.swift in Sources */ = {isa = PBXBuildFile; fileRef = 867EBD162C0A34230013EFE9 /* OnboardingCollectionViewCell.swift */; };
		869E26742C45A1700012CAC3 /* GoogleService-Info.plist in Resources */ = {isa = PBXBuildFile; fileRef = 869E26732C45A16F0012CAC3 /* GoogleService-Info.plist */; };
		869E26772C45A1F80012CAC3 /* FirebaseAnalytics in Frameworks */ = {isa = PBXBuildFile; productRef = 869E26762C45A1F80012CAC3 /* FirebaseAnalytics */; };
		869E26792C45A1F80012CAC3 /* FirebaseAnalyticsOnDeviceConversion in Frameworks */ = {isa = PBXBuildFile; productRef = 869E26782C45A1F80012CAC3 /* FirebaseAnalyticsOnDeviceConversion */; };
		869E267B2C45A1F80012CAC3 /* FirebaseAnalyticsSwift in Frameworks */ = {isa = PBXBuildFile; productRef = 869E267A2C45A1F80012CAC3 /* FirebaseAnalyticsSwift */; };
		869E267D2C45A1F80012CAC3 /* FirebaseAnalyticsWithoutAdIdSupport in Frameworks */ = {isa = PBXBuildFile; productRef = 869E267C2C45A1F80012CAC3 /* FirebaseAnalyticsWithoutAdIdSupport */; };
		869E267F2C45A1F80012CAC3 /* FirebaseAppCheck in Frameworks */ = {isa = PBXBuildFile; productRef = 869E267E2C45A1F80012CAC3 /* FirebaseAppCheck */; };
		869E26812C45A1F80012CAC3 /* FirebaseAppDistribution-Beta in Frameworks */ = {isa = PBXBuildFile; productRef = 869E26802C45A1F80012CAC3 /* FirebaseAppDistribution-Beta */; };
		869E26832C45A1F80012CAC3 /* FirebaseAuth in Frameworks */ = {isa = PBXBuildFile; productRef = 869E26822C45A1F80012CAC3 /* FirebaseAuth */; };
		869E26852C45A1F80012CAC3 /* FirebaseAuthCombine-Community in Frameworks */ = {isa = PBXBuildFile; productRef = 869E26842C45A1F80012CAC3 /* FirebaseAuthCombine-Community */; };
		869E26872C45A1F80012CAC3 /* FirebaseCrashlytics in Frameworks */ = {isa = PBXBuildFile; productRef = 869E26862C45A1F80012CAC3 /* FirebaseCrashlytics */; };
		869E26892C45A1F80012CAC3 /* FirebaseDatabase in Frameworks */ = {isa = PBXBuildFile; productRef = 869E26882C45A1F80012CAC3 /* FirebaseDatabase */; };
		869E268B2C45A1F80012CAC3 /* FirebaseDatabaseSwift in Frameworks */ = {isa = PBXBuildFile; productRef = 869E268A2C45A1F80012CAC3 /* FirebaseDatabaseSwift */; };
		869E268D2C45A1F80012CAC3 /* FirebaseDynamicLinks in Frameworks */ = {isa = PBXBuildFile; productRef = 869E268C2C45A1F80012CAC3 /* FirebaseDynamicLinks */; };
		869E268F2C45A1F80012CAC3 /* FirebaseFirestore in Frameworks */ = {isa = PBXBuildFile; productRef = 869E268E2C45A1F80012CAC3 /* FirebaseFirestore */; };
		869E26912C45A1F80012CAC3 /* FirebaseFirestoreCombine-Community in Frameworks */ = {isa = PBXBuildFile; productRef = 869E26902C45A1F80012CAC3 /* FirebaseFirestoreCombine-Community */; };
		869E26932C45A1F80012CAC3 /* FirebaseFirestoreSwift in Frameworks */ = {isa = PBXBuildFile; productRef = 869E26922C45A1F80012CAC3 /* FirebaseFirestoreSwift */; };
		869E26952C45A1F80012CAC3 /* FirebaseFunctions in Frameworks */ = {isa = PBXBuildFile; productRef = 869E26942C45A1F80012CAC3 /* FirebaseFunctions */; };
		869E26972C45A1F80012CAC3 /* FirebaseFunctionsCombine-Community in Frameworks */ = {isa = PBXBuildFile; productRef = 869E26962C45A1F80012CAC3 /* FirebaseFunctionsCombine-Community */; };
		869E26992C45A1F80012CAC3 /* FirebaseInAppMessaging-Beta in Frameworks */ = {isa = PBXBuildFile; productRef = 869E26982C45A1F80012CAC3 /* FirebaseInAppMessaging-Beta */; };
		869E269B2C45A1F80012CAC3 /* FirebaseInAppMessagingSwift-Beta in Frameworks */ = {isa = PBXBuildFile; productRef = 869E269A2C45A1F80012CAC3 /* FirebaseInAppMessagingSwift-Beta */; };
		869E269D2C45A1F80012CAC3 /* FirebaseInstallations in Frameworks */ = {isa = PBXBuildFile; productRef = 869E269C2C45A1F80012CAC3 /* FirebaseInstallations */; };
		869E269F2C45A1F80012CAC3 /* FirebaseMLModelDownloader in Frameworks */ = {isa = PBXBuildFile; productRef = 869E269E2C45A1F80012CAC3 /* FirebaseMLModelDownloader */; };
		869E26A12C45A1F80012CAC3 /* FirebaseMessaging in Frameworks */ = {isa = PBXBuildFile; productRef = 869E26A02C45A1F80012CAC3 /* FirebaseMessaging */; };
		869E26A32C45A1F80012CAC3 /* FirebasePerformance in Frameworks */ = {isa = PBXBuildFile; productRef = 869E26A22C45A1F80012CAC3 /* FirebasePerformance */; };
		869E26A52C45A1F80012CAC3 /* FirebaseRemoteConfig in Frameworks */ = {isa = PBXBuildFile; productRef = 869E26A42C45A1F80012CAC3 /* FirebaseRemoteConfig */; };
		869E26A72C45A1F80012CAC3 /* FirebaseRemoteConfigSwift in Frameworks */ = {isa = PBXBuildFile; productRef = 869E26A62C45A1F80012CAC3 /* FirebaseRemoteConfigSwift */; };
		869E26A92C45A1F80012CAC3 /* FirebaseStorage in Frameworks */ = {isa = PBXBuildFile; productRef = 869E26A82C45A1F80012CAC3 /* FirebaseStorage */; };
		869E26AB2C45A1F80012CAC3 /* FirebaseStorageCombine-Community in Frameworks */ = {isa = PBXBuildFile; productRef = 869E26AA2C45A1F80012CAC3 /* FirebaseStorageCombine-Community */; };
		869E26AD2C45A1F80012CAC3 /* FirebaseVertexAI-Preview in Frameworks */ = {isa = PBXBuildFile; productRef = 869E26AC2C45A1F80012CAC3 /* FirebaseVertexAI-Preview */; };
		869E26AF2C45A7BE0012CAC3 /* UIViewController+Ext.swift in Sources */ = {isa = PBXBuildFile; fileRef = 869E26AE2C45A7BE0012CAC3 /* UIViewController+Ext.swift */; };
		869E87272C0CB1E400EF219B /* TabBarController.swift in Sources */ = {isa = PBXBuildFile; fileRef = 869E87262C0CB1E400EF219B /* TabBarController.swift */; };
		869E872A2C0CB33900EF219B /* HomeViewController.swift in Sources */ = {isa = PBXBuildFile; fileRef = 869E87292C0CB33900EF219B /* HomeViewController.swift */; };
		86A6FC032C511CD600C2990F /* BiometricAuthManager.swift in Sources */ = {isa = PBXBuildFile; fileRef = 86A6FC022C511CD600C2990F /* BiometricAuthManager.swift */; };
		86C64DE62C44F39D00FF08D3 /* OrderDetailViewController.swift in Sources */ = {isa = PBXBuildFile; fileRef = 86C64DE52C44F39D00FF08D3 /* OrderDetailViewController.swift */; };
		86C64DE82C44F43F00FF08D3 /* OrderSelectView.swift in Sources */ = {isa = PBXBuildFile; fileRef = 86C64DE72C44F43F00FF08D3 /* OrderSelectView.swift */; };
		86C64DEB2C455C0800FF08D3 /* BucketViewController.swift in Sources */ = {isa = PBXBuildFile; fileRef = 86C64DEA2C455C0800FF08D3 /* BucketViewController.swift */; };
		86D605C62C47019200C9C579 /* NetworkManager.swift in Sources */ = {isa = PBXBuildFile; fileRef = 86D605C52C47019200C9C579 /* NetworkManager.swift */; };
		86D605C92C47022000C9C579 /* CoffeeBeansModel.swift in Sources */ = {isa = PBXBuildFile; fileRef = 86D605C82C47022000C9C579 /* CoffeeBeansModel.swift */; };
		86D605CB2C47032900C9C579 /* CoffeeBeansView.swift in Sources */ = {isa = PBXBuildFile; fileRef = 86D605CA2C47032900C9C579 /* CoffeeBeansView.swift */; };
		86D605CD2C4704A900C9C579 /* CoffeeBeansCell.swift in Sources */ = {isa = PBXBuildFile; fileRef = 86D605CC2C4704A900C9C579 /* CoffeeBeansCell.swift */; };
		AFBEFFF2A894F1CB2621644A /* Pods_CoffeeShopAppTests.framework in Frameworks */ = {isa = PBXBuildFile; fileRef = C0FF64F13DC0B0CC8EEF1151 /* Pods_CoffeeShopAppTests.framework */; };
		F3B187AA8A7F6A92E22701C6 /* Pods_CoffeeShopApp_CoffeeShopAppUITests.framework in Frameworks */ = {isa = PBXBuildFile; fileRef = 53B58C4FEC484AC203352B36 /* Pods_CoffeeShopApp_CoffeeShopAppUITests.framework */; };
/* End PBXBuildFile section */

/* Begin PBXContainerItemProxy section */
		867EBCEA2C09BA510013EFE9 /* PBXContainerItemProxy */ = {
			isa = PBXContainerItemProxy;
			containerPortal = 867EBCCB2C09BA4F0013EFE9 /* Project object */;
			proxyType = 1;
			remoteGlobalIDString = 867EBCD22C09BA4F0013EFE9;
			remoteInfo = CoffeeShopApp;
		};
		867EBCF42C09BA510013EFE9 /* PBXContainerItemProxy */ = {
			isa = PBXContainerItemProxy;
			containerPortal = 867EBCCB2C09BA4F0013EFE9 /* Project object */;
			proxyType = 1;
			remoteGlobalIDString = 867EBCD22C09BA4F0013EFE9;
			remoteInfo = CoffeeShopApp;
		};
/* End PBXContainerItemProxy section */

/* Begin PBXFileReference section */
		53B58C4FEC484AC203352B36 /* Pods_CoffeeShopApp_CoffeeShopAppUITests.framework */ = {isa = PBXFileReference; explicitFileType = wrapper.framework; includeInIndex = 0; path = Pods_CoffeeShopApp_CoffeeShopAppUITests.framework; sourceTree = BUILT_PRODUCTS_DIR; };
		7DBC1F723133F73520FB3F00 /* Pods-CoffeeShopApp-CoffeeShopAppUITests.release.xcconfig */ = {isa = PBXFileReference; includeInIndex = 1; lastKnownFileType = text.xcconfig; name = "Pods-CoffeeShopApp-CoffeeShopAppUITests.release.xcconfig"; path = "Target Support Files/Pods-CoffeeShopApp-CoffeeShopAppUITests/Pods-CoffeeShopApp-CoffeeShopAppUITests.release.xcconfig"; sourceTree = "<group>"; };
		861217392C47F27C0001BE7D /* OrderCoffeeBeansDetailViewController.swift */ = {isa = PBXFileReference; lastKnownFileType = sourcecode.swift; path = OrderCoffeeBeansDetailViewController.swift; sourceTree = "<group>"; };
		8612173C2C47F5E40001BE7D /* PassCodeViewController.swift */ = {isa = PBXFileReference; lastKnownFileType = sourcecode.swift; path = PassCodeViewController.swift; sourceTree = "<group>"; };
		8612173E2C47F6020001BE7D /* Passcode.swift */ = {isa = PBXFileReference; lastKnownFileType = sourcecode.swift; path = Passcode.swift; sourceTree = "<group>"; };
		861217402C47F64F0001BE7D /* Pin.swift */ = {isa = PBXFileReference; lastKnownFileType = sourcecode.swift; path = Pin.swift; sourceTree = "<group>"; };
		861809E72C1973FA009AEF08 /* CustomNavigationController.swift */ = {isa = PBXFileReference; lastKnownFileType = sourcecode.swift; path = CustomNavigationController.swift; sourceTree = "<group>"; };
		861809E92C197840009AEF08 /* UIView+ext.swift */ = {isa = PBXFileReference; lastKnownFileType = sourcecode.swift; path = "UIView+ext.swift"; sourceTree = "<group>"; };
		861809EC2C19896F009AEF08 /* WelcomeView.swift */ = {isa = PBXFileReference; lastKnownFileType = sourcecode.swift; path = WelcomeView.swift; sourceTree = "<group>"; };
		861809EE2C1989F1009AEF08 /* BonusView.swift */ = {isa = PBXFileReference; lastKnownFileType = sourcecode.swift; path = BonusView.swift; sourceTree = "<group>"; };
		861809F02C1AC0A1009AEF08 /* FavoriteView.swift */ = {isa = PBXFileReference; lastKnownFileType = sourcecode.swift; path = FavoriteView.swift; sourceTree = "<group>"; };
		861809F22C1AC29F009AEF08 /* FavoriteCollectionViewCell.swift */ = {isa = PBXFileReference; lastKnownFileType = sourcecode.swift; path = FavoriteCollectionViewCell.swift; sourceTree = "<group>"; };
		861809F42C1AC3D9009AEF08 /* CollectionTableViewCell+ext.swift */ = {isa = PBXFileReference; lastKnownFileType = sourcecode.swift; path = "CollectionTableViewCell+ext.swift"; sourceTree = "<group>"; };
		861809F72C1ACC65009AEF08 /* OrderViewController.swift */ = {isa = PBXFileReference; lastKnownFileType = sourcecode.swift; path = OrderViewController.swift; sourceTree = "<group>"; };
		861809FA2C1AD0CA009AEF08 /* OrderTableViewCell.swift */ = {isa = PBXFileReference; lastKnownFileType = sourcecode.swift; path = OrderTableViewCell.swift; sourceTree = "<group>"; };
		861809FC2C1AD4A4009AEF08 /* DrinksView.swift */ = {isa = PBXFileReference; lastKnownFileType = sourcecode.swift; path = DrinksView.swift; sourceTree = "<group>"; };
		861809FE2C1AD4DD009AEF08 /* DrinksCollectionViewCell.swift */ = {isa = PBXFileReference; lastKnownFileType = sourcecode.swift; path = DrinksCollectionViewCell.swift; sourceTree = "<group>"; };
		862420442C2D7B7E00CB10B3 /* ProfileViewController.swift */ = {isa = PBXFileReference; lastKnownFileType = sourcecode.swift; path = ProfileViewController.swift; sourceTree = "<group>"; };
		862420462C2D7CB200CB10B3 /* ProfileHeaderCell.swift */ = {isa = PBXFileReference; lastKnownFileType = sourcecode.swift; path = ProfileHeaderCell.swift; sourceTree = "<group>"; };
		862420482C2D847200CB10B3 /* LeftLabelRightIconCell.swift */ = {isa = PBXFileReference; lastKnownFileType = sourcecode.swift; path = LeftLabelRightIconCell.swift; sourceTree = "<group>"; };
		8624204A2C2D8B6000CB10B3 /* LeftLabelRightButtonCell.swift */ = {isa = PBXFileReference; lastKnownFileType = sourcecode.swift; path = LeftLabelRightButtonCell.swift; sourceTree = "<group>"; };
		862E7F282C1C5392009B7989 /* ScanPayViewController.swift */ = {isa = PBXFileReference; lastKnownFileType = sourcecode.swift; path = ScanPayViewController.swift; sourceTree = "<group>"; };
		862E7F2B2C1C5B63009B7989 /* ScanPayView.swift */ = {isa = PBXFileReference; lastKnownFileType = sourcecode.swift; path = ScanPayView.swift; sourceTree = "<group>"; };
		862E7F2D2C1C5C22009B7989 /* ScanPayCollectionViewCell.swift */ = {isa = PBXFileReference; lastKnownFileType = sourcecode.swift; path = ScanPayCollectionViewCell.swift; sourceTree = "<group>"; };
		865BD45C2C245874005C3FA9 /* RewardView.swift */ = {isa = PBXFileReference; lastKnownFileType = sourcecode.swift; path = RewardView.swift; sourceTree = "<group>"; };
		8666A2812C526887006DA056 /* CoffeeManager.swift */ = {isa = PBXFileReference; lastKnownFileType = sourcecode.swift; path = CoffeeManager.swift; sourceTree = "<group>"; };
		8666A2832C52690E006DA056 /* CoffeeModel.swift */ = {isa = PBXFileReference; lastKnownFileType = sourcecode.swift; path = CoffeeModel.swift; sourceTree = "<group>"; };
		867EBCD32C09BA4F0013EFE9 /* CoffeeShopApp.app */ = {isa = PBXFileReference; explicitFileType = wrapper.application; includeInIndex = 0; path = CoffeeShopApp.app; sourceTree = BUILT_PRODUCTS_DIR; };
		867EBCD62C09BA4F0013EFE9 /* AppDelegate.swift */ = {isa = PBXFileReference; lastKnownFileType = sourcecode.swift; path = AppDelegate.swift; sourceTree = "<group>"; };
		867EBCD82C09BA4F0013EFE9 /* SceneDelegate.swift */ = {isa = PBXFileReference; lastKnownFileType = sourcecode.swift; path = SceneDelegate.swift; sourceTree = "<group>"; };
		867EBCDA2C09BA4F0013EFE9 /* SignUpViewController.swift */ = {isa = PBXFileReference; lastKnownFileType = sourcecode.swift; path = SignUpViewController.swift; sourceTree = "<group>"; };
		867EBCDF2C09BA510013EFE9 /* Assets.xcassets */ = {isa = PBXFileReference; lastKnownFileType = folder.assetcatalog; path = Assets.xcassets; sourceTree = "<group>"; };
		867EBCE22C09BA510013EFE9 /* Base */ = {isa = PBXFileReference; lastKnownFileType = file.storyboard; name = Base; path = Base.lproj/LaunchScreen.storyboard; sourceTree = "<group>"; };
		867EBCE42C09BA510013EFE9 /* Info.plist */ = {isa = PBXFileReference; lastKnownFileType = text.plist.xml; path = Info.plist; sourceTree = "<group>"; };
		867EBCE92C09BA510013EFE9 /* CoffeeShopAppTests.xctest */ = {isa = PBXFileReference; explicitFileType = wrapper.cfbundle; includeInIndex = 0; path = CoffeeShopAppTests.xctest; sourceTree = BUILT_PRODUCTS_DIR; };
		867EBCED2C09BA510013EFE9 /* CoffeeShopAppTests.swift */ = {isa = PBXFileReference; lastKnownFileType = sourcecode.swift; path = CoffeeShopAppTests.swift; sourceTree = "<group>"; };
		867EBCF32C09BA510013EFE9 /* CoffeeShopAppUITests.xctest */ = {isa = PBXFileReference; explicitFileType = wrapper.cfbundle; includeInIndex = 0; path = CoffeeShopAppUITests.xctest; sourceTree = BUILT_PRODUCTS_DIR; };
		867EBCF72C09BA510013EFE9 /* CoffeeShopAppUITests.swift */ = {isa = PBXFileReference; lastKnownFileType = sourcecode.swift; path = CoffeeShopAppUITests.swift; sourceTree = "<group>"; };
		867EBCF92C09BA510013EFE9 /* CoffeeShopAppUITestsLaunchTests.swift */ = {isa = PBXFileReference; lastKnownFileType = sourcecode.swift; path = CoffeeShopAppUITestsLaunchTests.swift; sourceTree = "<group>"; };
		867EBD072C09C1690013EFE9 /* BaseButton.swift */ = {isa = PBXFileReference; lastKnownFileType = sourcecode.swift; path = BaseButton.swift; sourceTree = "<group>"; };
		867EBD0B2C09C5DC0013EFE9 /* BaseInput.swift */ = {isa = PBXFileReference; lastKnownFileType = sourcecode.swift; path = BaseInput.swift; sourceTree = "<group>"; };
		867EBD0D2C0A2D4F0013EFE9 /* BaseShadowView.swift */ = {isa = PBXFileReference; lastKnownFileType = sourcecode.swift; path = BaseShadowView.swift; sourceTree = "<group>"; };
		867EBD0F2C0A2E020013EFE9 /* LoginViewController.swift */ = {isa = PBXFileReference; lastKnownFileType = sourcecode.swift; path = LoginViewController.swift; sourceTree = "<group>"; };
		867EBD122C0A32220013EFE9 /* OnboardingViewController.swift */ = {isa = PBXFileReference; lastKnownFileType = sourcecode.swift; path = OnboardingViewController.swift; sourceTree = "<group>"; };
		867EBD142C0A33170013EFE9 /* OnboardingModel.swift */ = {isa = PBXFileReference; lastKnownFileType = sourcecode.swift; path = OnboardingModel.swift; sourceTree = "<group>"; };
		867EBD162C0A34230013EFE9 /* OnboardingCollectionViewCell.swift */ = {isa = PBXFileReference; lastKnownFileType = sourcecode.swift; path = OnboardingCollectionViewCell.swift; sourceTree = "<group>"; };
		869E26732C45A16F0012CAC3 /* GoogleService-Info.plist */ = {isa = PBXFileReference; fileEncoding = 4; lastKnownFileType = text.plist.xml; path = "GoogleService-Info.plist"; sourceTree = "<group>"; };
		869E26AE2C45A7BE0012CAC3 /* UIViewController+Ext.swift */ = {isa = PBXFileReference; lastKnownFileType = sourcecode.swift; path = "UIViewController+Ext.swift"; sourceTree = "<group>"; };
		869E87262C0CB1E400EF219B /* TabBarController.swift */ = {isa = PBXFileReference; lastKnownFileType = sourcecode.swift; path = TabBarController.swift; sourceTree = "<group>"; };
		869E87292C0CB33900EF219B /* HomeViewController.swift */ = {isa = PBXFileReference; lastKnownFileType = sourcecode.swift; path = HomeViewController.swift; sourceTree = "<group>"; };
		86A6FC022C511CD600C2990F /* BiometricAuthManager.swift */ = {isa = PBXFileReference; lastKnownFileType = sourcecode.swift; path = BiometricAuthManager.swift; sourceTree = "<group>"; };
		86C64DE52C44F39D00FF08D3 /* OrderDetailViewController.swift */ = {isa = PBXFileReference; lastKnownFileType = sourcecode.swift; path = OrderDetailViewController.swift; sourceTree = "<group>"; };
		86C64DE72C44F43F00FF08D3 /* OrderSelectView.swift */ = {isa = PBXFileReference; lastKnownFileType = sourcecode.swift; path = OrderSelectView.swift; sourceTree = "<group>"; };
		86C64DEA2C455C0800FF08D3 /* BucketViewController.swift */ = {isa = PBXFileReference; lastKnownFileType = sourcecode.swift; path = BucketViewController.swift; sourceTree = "<group>"; };
		86D605C52C47019200C9C579 /* NetworkManager.swift */ = {isa = PBXFileReference; lastKnownFileType = sourcecode.swift; path = NetworkManager.swift; sourceTree = "<group>"; };
		86D605C82C47022000C9C579 /* CoffeeBeansModel.swift */ = {isa = PBXFileReference; lastKnownFileType = sourcecode.swift; path = CoffeeBeansModel.swift; sourceTree = "<group>"; };
		86D605CA2C47032900C9C579 /* CoffeeBeansView.swift */ = {isa = PBXFileReference; lastKnownFileType = sourcecode.swift; path = CoffeeBeansView.swift; sourceTree = "<group>"; };
		86D605CC2C4704A900C9C579 /* CoffeeBeansCell.swift */ = {isa = PBXFileReference; lastKnownFileType = sourcecode.swift; path = CoffeeBeansCell.swift; sourceTree = "<group>"; };
		8D2685C65AF27F5CD5D8CECA /* Pods-CoffeeShopApp.release.xcconfig */ = {isa = PBXFileReference; includeInIndex = 1; lastKnownFileType = text.xcconfig; name = "Pods-CoffeeShopApp.release.xcconfig"; path = "Target Support Files/Pods-CoffeeShopApp/Pods-CoffeeShopApp.release.xcconfig"; sourceTree = "<group>"; };
		A877D1EE0EAE87FC15B0F48C /* Pods_CoffeeShopApp.framework */ = {isa = PBXFileReference; explicitFileType = wrapper.framework; includeInIndex = 0; path = Pods_CoffeeShopApp.framework; sourceTree = BUILT_PRODUCTS_DIR; };
		AB44764BFCCDFAA4E465630D /* Pods-CoffeeShopAppTests.release.xcconfig */ = {isa = PBXFileReference; includeInIndex = 1; lastKnownFileType = text.xcconfig; name = "Pods-CoffeeShopAppTests.release.xcconfig"; path = "Target Support Files/Pods-CoffeeShopAppTests/Pods-CoffeeShopAppTests.release.xcconfig"; sourceTree = "<group>"; };
		BFF4A9CD198AD25973C46CD0 /* Pods-CoffeeShopAppTests.debug.xcconfig */ = {isa = PBXFileReference; includeInIndex = 1; lastKnownFileType = text.xcconfig; name = "Pods-CoffeeShopAppTests.debug.xcconfig"; path = "Target Support Files/Pods-CoffeeShopAppTests/Pods-CoffeeShopAppTests.debug.xcconfig"; sourceTree = "<group>"; };
		C0FF64F13DC0B0CC8EEF1151 /* Pods_CoffeeShopAppTests.framework */ = {isa = PBXFileReference; explicitFileType = wrapper.framework; includeInIndex = 0; path = Pods_CoffeeShopAppTests.framework; sourceTree = BUILT_PRODUCTS_DIR; };
		CDB9EFB3ADB289708B39BD6D /* Pods-CoffeeShopApp-CoffeeShopAppUITests.debug.xcconfig */ = {isa = PBXFileReference; includeInIndex = 1; lastKnownFileType = text.xcconfig; name = "Pods-CoffeeShopApp-CoffeeShopAppUITests.debug.xcconfig"; path = "Target Support Files/Pods-CoffeeShopApp-CoffeeShopAppUITests/Pods-CoffeeShopApp-CoffeeShopAppUITests.debug.xcconfig"; sourceTree = "<group>"; };
		DFEAA6AB46C1657CFFB88233 /* Pods-CoffeeShopApp.debug.xcconfig */ = {isa = PBXFileReference; includeInIndex = 1; lastKnownFileType = text.xcconfig; name = "Pods-CoffeeShopApp.debug.xcconfig"; path = "Target Support Files/Pods-CoffeeShopApp/Pods-CoffeeShopApp.debug.xcconfig"; sourceTree = "<group>"; };
/* End PBXFileReference section */

/* Begin PBXFrameworksBuildPhase section */
		867EBCD02C09BA4F0013EFE9 /* Frameworks */ = {
			isa = PBXFrameworksBuildPhase;
			buildActionMask = 2147483647;
			files = (
				869E26952C45A1F80012CAC3 /* FirebaseFunctions in Frameworks */,
				869E268B2C45A1F80012CAC3 /* FirebaseDatabaseSwift in Frameworks */,
				869E26AD2C45A1F80012CAC3 /* FirebaseVertexAI-Preview in Frameworks */,
				869E269B2C45A1F80012CAC3 /* FirebaseInAppMessagingSwift-Beta in Frameworks */,
				869E26A12C45A1F80012CAC3 /* FirebaseMessaging in Frameworks */,
				869E26812C45A1F80012CAC3 /* FirebaseAppDistribution-Beta in Frameworks */,
				869E26852C45A1F80012CAC3 /* FirebaseAuthCombine-Community in Frameworks */,
				869E26912C45A1F80012CAC3 /* FirebaseFirestoreCombine-Community in Frameworks */,
				869E267B2C45A1F80012CAC3 /* FirebaseAnalyticsSwift in Frameworks */,
				869E269F2C45A1F80012CAC3 /* FirebaseMLModelDownloader in Frameworks */,
				869E267D2C45A1F80012CAC3 /* FirebaseAnalyticsWithoutAdIdSupport in Frameworks */,
				869E26772C45A1F80012CAC3 /* FirebaseAnalytics in Frameworks */,
				869E26932C45A1F80012CAC3 /* FirebaseFirestoreSwift in Frameworks */,
				869E26792C45A1F80012CAC3 /* FirebaseAnalyticsOnDeviceConversion in Frameworks */,
				869E267F2C45A1F80012CAC3 /* FirebaseAppCheck in Frameworks */,
				869E26A32C45A1F80012CAC3 /* FirebasePerformance in Frameworks */,
				869E26992C45A1F80012CAC3 /* FirebaseInAppMessaging-Beta in Frameworks */,
				869E26972C45A1F80012CAC3 /* FirebaseFunctionsCombine-Community in Frameworks */,
				869E26872C45A1F80012CAC3 /* FirebaseCrashlytics in Frameworks */,
				869E269D2C45A1F80012CAC3 /* FirebaseInstallations in Frameworks */,
				869E26A52C45A1F80012CAC3 /* FirebaseRemoteConfig in Frameworks */,
				869E26A92C45A1F80012CAC3 /* FirebaseStorage in Frameworks */,
				869E26892C45A1F80012CAC3 /* FirebaseDatabase in Frameworks */,
				869E26AB2C45A1F80012CAC3 /* FirebaseStorageCombine-Community in Frameworks */,
				4A6C2EDB54C58858911A4413 /* Pods_CoffeeShopApp.framework in Frameworks */,
				869E26832C45A1F80012CAC3 /* FirebaseAuth in Frameworks */,
				869E268D2C45A1F80012CAC3 /* FirebaseDynamicLinks in Frameworks */,
				869E268F2C45A1F80012CAC3 /* FirebaseFirestore in Frameworks */,
				869E26A72C45A1F80012CAC3 /* FirebaseRemoteConfigSwift in Frameworks */,
			);
			runOnlyForDeploymentPostprocessing = 0;
		};
		867EBCE62C09BA510013EFE9 /* Frameworks */ = {
			isa = PBXFrameworksBuildPhase;
			buildActionMask = 2147483647;
			files = (
				AFBEFFF2A894F1CB2621644A /* Pods_CoffeeShopAppTests.framework in Frameworks */,
			);
			runOnlyForDeploymentPostprocessing = 0;
		};
		867EBCF02C09BA510013EFE9 /* Frameworks */ = {
			isa = PBXFrameworksBuildPhase;
			buildActionMask = 2147483647;
			files = (
				F3B187AA8A7F6A92E22701C6 /* Pods_CoffeeShopApp_CoffeeShopAppUITests.framework in Frameworks */,
			);
			runOnlyForDeploymentPostprocessing = 0;
		};
/* End PBXFrameworksBuildPhase section */

/* Begin PBXGroup section */
		68C23179F9B122DB3B277CD4 /* Frameworks */ = {
			isa = PBXGroup;
			children = (
				A877D1EE0EAE87FC15B0F48C /* Pods_CoffeeShopApp.framework */,
				53B58C4FEC484AC203352B36 /* Pods_CoffeeShopApp_CoffeeShopAppUITests.framework */,
				C0FF64F13DC0B0CC8EEF1151 /* Pods_CoffeeShopAppTests.framework */,
			);
			name = Frameworks;
			sourceTree = "<group>";
		};
		860A8E0B2C48FBA100E5A962 /* Tabbar */ = {
			isa = PBXGroup;
			children = (
				869E87262C0CB1E400EF219B /* TabBarController.swift */,
			);
			path = Tabbar;
			sourceTree = "<group>";
		};
		860A8E0C2C48FBBE00E5A962 /* Network */ = {
			isa = PBXGroup;
			children = (
				86D605C52C47019200C9C579 /* NetworkManager.swift */,
			);
			path = Network;
			sourceTree = "<group>";
		};
		8612173B2C47F5D30001BE7D /* PasscodeViewController */ = {
			isa = PBXGroup;
			children = (
				8612173C2C47F5E40001BE7D /* PassCodeViewController.swift */,
				8612173E2C47F6020001BE7D /* Passcode.swift */,
				861217402C47F64F0001BE7D /* Pin.swift */,
			);
			path = PasscodeViewController;
			sourceTree = "<group>";
		};
		861809EB2C198962009AEF08 /* HomeViews */ = {
			isa = PBXGroup;
			children = (
				861809EC2C19896F009AEF08 /* WelcomeView.swift */,
				861809EE2C1989F1009AEF08 /* BonusView.swift */,
				861809F02C1AC0A1009AEF08 /* FavoriteView.swift */,
				861809F22C1AC29F009AEF08 /* FavoriteCollectionViewCell.swift */,
			);
			path = HomeViews;
			sourceTree = "<group>";
		};
		861809F62C1ACC25009AEF08 /* OrderViewController */ = {
			isa = PBXGroup;
			children = (
				861809F92C1ACC6A009AEF08 /* OrderViews */,
				861809F72C1ACC65009AEF08 /* OrderViewController.swift */,
				861809FA2C1AD0CA009AEF08 /* OrderTableViewCell.swift */,
			);
			path = OrderViewController;
			sourceTree = "<group>";
		};
		861809F92C1ACC6A009AEF08 /* OrderViews */ = {
			isa = PBXGroup;
			children = (
				8666A2852C528181006DA056 /* OrderDetail */,
				861809FC2C1AD4A4009AEF08 /* DrinksView.swift */,
				861809FE2C1AD4DD009AEF08 /* DrinksCollectionViewCell.swift */,
				86D605CA2C47032900C9C579 /* CoffeeBeansView.swift */,
				86D605CC2C4704A900C9C579 /* CoffeeBeansCell.swift */,
			);
			path = OrderViews;
			sourceTree = "<group>";
		};
		862420432C2D7B6100CB10B3 /* ProfileViewController */ = {
			isa = PBXGroup;
			children = (
				862420442C2D7B7E00CB10B3 /* ProfileViewController.swift */,
				862420462C2D7CB200CB10B3 /* ProfileHeaderCell.swift */,
				862420482C2D847200CB10B3 /* LeftLabelRightIconCell.swift */,
				8624204A2C2D8B6000CB10B3 /* LeftLabelRightButtonCell.swift */,
			);
			path = ProfileViewController;
			sourceTree = "<group>";
		};
		862E7F272C1C536E009B7989 /* ScanPayViewController */ = {
			isa = PBXGroup;
			children = (
				862E7F2A2C1C5B4C009B7989 /* ScanPayViews */,
				862E7F282C1C5392009B7989 /* ScanPayViewController.swift */,
				865BD45C2C245874005C3FA9 /* RewardView.swift */,
			);
			path = ScanPayViewController;
			sourceTree = "<group>";
		};
		862E7F2A2C1C5B4C009B7989 /* ScanPayViews */ = {
			isa = PBXGroup;
			children = (
				862E7F2B2C1C5B63009B7989 /* ScanPayView.swift */,
				862E7F2D2C1C5C22009B7989 /* ScanPayCollectionViewCell.swift */,
			);
			path = ScanPayViews;
			sourceTree = "<group>";
		};
		865F4C5E2C10F6D6007EF44D /* Extension */ = {
			isa = PBXGroup;
			children = (
				861809E92C197840009AEF08 /* UIView+ext.swift */,
				861809F42C1AC3D9009AEF08 /* CollectionTableViewCell+ext.swift */,
				869E26AE2C45A7BE0012CAC3 /* UIViewController+Ext.swift */,
			);
			name = Extension;
			sourceTree = "<group>";
		};
		8666A2852C528181006DA056 /* OrderDetail */ = {
			isa = PBXGroup;
			children = (
				86C64DE72C44F43F00FF08D3 /* OrderSelectView.swift */,
				86C64DE52C44F39D00FF08D3 /* OrderDetailViewController.swift */,
				861217392C47F27C0001BE7D /* OrderCoffeeBeansDetailViewController.swift */,
			);
			path = OrderDetail;
			sourceTree = "<group>";
		};
		867EBCCA2C09BA4F0013EFE9 = {
			isa = PBXGroup;
			children = (
				867EBCD52C09BA4F0013EFE9 /* CoffeeShopApp */,
				867EBCEC2C09BA510013EFE9 /* CoffeeShopAppTests */,
				867EBCF62C09BA510013EFE9 /* CoffeeShopAppUITests */,
				867EBCD42C09BA4F0013EFE9 /* Products */,
				9A3C242A54CE345A996947DF /* Pods */,
				68C23179F9B122DB3B277CD4 /* Frameworks */,
			);
			sourceTree = "<group>";
		};
		867EBCD42C09BA4F0013EFE9 /* Products */ = {
			isa = PBXGroup;
			children = (
				867EBCD32C09BA4F0013EFE9 /* CoffeeShopApp.app */,
				867EBCE92C09BA510013EFE9 /* CoffeeShopAppTests.xctest */,
				867EBCF32C09BA510013EFE9 /* CoffeeShopAppUITests.xctest */,
			);
			name = Products;
			sourceTree = "<group>";
		};
		867EBCD52C09BA4F0013EFE9 /* CoffeeShopApp */ = {
			isa = PBXGroup;
			children = (
				869E26732C45A16F0012CAC3 /* GoogleService-Info.plist */,
				865F4C5E2C10F6D6007EF44D /* Extension */,
				86A6FC012C511CC000C2990F /* Manager */,
				860A8E0C2C48FBBE00E5A962 /* Network */,
				867EBD062C09C0E20013EFE9 /* Base */,
				86D605C72C47020F00C9C579 /* Model */,
				867EBD112C0A31C80013EFE9 /* Screens */,
				867EBCD62C09BA4F0013EFE9 /* AppDelegate.swift */,
				867EBCD82C09BA4F0013EFE9 /* SceneDelegate.swift */,
				867EBCDF2C09BA510013EFE9 /* Assets.xcassets */,
				867EBCE12C09BA510013EFE9 /* LaunchScreen.storyboard */,
				867EBCE42C09BA510013EFE9 /* Info.plist */,
			);
			path = CoffeeShopApp;
			sourceTree = "<group>";
		};
		867EBCEC2C09BA510013EFE9 /* CoffeeShopAppTests */ = {
			isa = PBXGroup;
			children = (
				867EBCED2C09BA510013EFE9 /* CoffeeShopAppTests.swift */,
			);
			path = CoffeeShopAppTests;
			sourceTree = "<group>";
		};
		867EBCF62C09BA510013EFE9 /* CoffeeShopAppUITests */ = {
			isa = PBXGroup;
			children = (
				867EBCF72C09BA510013EFE9 /* CoffeeShopAppUITests.swift */,
				867EBCF92C09BA510013EFE9 /* CoffeeShopAppUITestsLaunchTests.swift */,
			);
			path = CoffeeShopAppUITests;
			sourceTree = "<group>";
		};
		867EBD062C09C0E20013EFE9 /* Base */ = {
			isa = PBXGroup;
			children = (
				867EBD072C09C1690013EFE9 /* BaseButton.swift */,
				867EBD0B2C09C5DC0013EFE9 /* BaseInput.swift */,
				867EBD0D2C0A2D4F0013EFE9 /* BaseShadowView.swift */,
				861809E72C1973FA009AEF08 /* CustomNavigationController.swift */,
			);
			path = Base;
			sourceTree = "<group>";
		};
		867EBD112C0A31C80013EFE9 /* Screens */ = {
			isa = PBXGroup;
			children = (
				860A8E0B2C48FBA100E5A962 /* Tabbar */,
				8612173B2C47F5D30001BE7D /* PasscodeViewController */,
				86C64DE92C455BED00FF08D3 /* BucketViewController */,
				862420432C2D7B6100CB10B3 /* ProfileViewController */,
				862E7F272C1C536E009B7989 /* ScanPayViewController */,
				861809F62C1ACC25009AEF08 /* OrderViewController */,
				869E87282C0CB32300EF219B /* HomeViewController */,
				867EBD192C0A48800013EFE9 /* Model */,
				867EBD182C0A48600013EFE9 /* Login+Registery */,
			);
			path = Screens;
			sourceTree = "<group>";
		};
		867EBD182C0A48600013EFE9 /* Login+Registery */ = {
			isa = PBXGroup;
			children = (
				867EBCDA2C09BA4F0013EFE9 /* SignUpViewController.swift */,
				867EBD0F2C0A2E020013EFE9 /* LoginViewController.swift */,
				867EBD122C0A32220013EFE9 /* OnboardingViewController.swift */,
				867EBD162C0A34230013EFE9 /* OnboardingCollectionViewCell.swift */,
			);
			path = "Login+Registery";
			sourceTree = "<group>";
		};
		867EBD192C0A48800013EFE9 /* Model */ = {
			isa = PBXGroup;
			children = (
				867EBD142C0A33170013EFE9 /* OnboardingModel.swift */,
			);
			path = Model;
			sourceTree = "<group>";
		};
		869E87282C0CB32300EF219B /* HomeViewController */ = {
			isa = PBXGroup;
			children = (
				861809EB2C198962009AEF08 /* HomeViews */,
				869E87292C0CB33900EF219B /* HomeViewController.swift */,
			);
			path = HomeViewController;
			sourceTree = "<group>";
		};
		86A6FC012C511CC000C2990F /* Manager */ = {
			isa = PBXGroup;
			children = (
				86A6FC022C511CD600C2990F /* BiometricAuthManager.swift */,
				8666A2812C526887006DA056 /* CoffeeManager.swift */,
			);
			path = Manager;
			sourceTree = "<group>";
		};
		86C64DE92C455BED00FF08D3 /* BucketViewController */ = {
			isa = PBXGroup;
			children = (
				86C64DEA2C455C0800FF08D3 /* BucketViewController.swift */,
			);
			path = BucketViewController;
			sourceTree = "<group>";
		};
		86D605C72C47020F00C9C579 /* Model */ = {
			isa = PBXGroup;
			children = (
				86D605C82C47022000C9C579 /* CoffeeBeansModel.swift */,
				8666A2832C52690E006DA056 /* CoffeeModel.swift */,
			);
			path = Model;
			sourceTree = "<group>";
		};
		9A3C242A54CE345A996947DF /* Pods */ = {
			isa = PBXGroup;
			children = (
				DFEAA6AB46C1657CFFB88233 /* Pods-CoffeeShopApp.debug.xcconfig */,
				8D2685C65AF27F5CD5D8CECA /* Pods-CoffeeShopApp.release.xcconfig */,
				CDB9EFB3ADB289708B39BD6D /* Pods-CoffeeShopApp-CoffeeShopAppUITests.debug.xcconfig */,
				7DBC1F723133F73520FB3F00 /* Pods-CoffeeShopApp-CoffeeShopAppUITests.release.xcconfig */,
				BFF4A9CD198AD25973C46CD0 /* Pods-CoffeeShopAppTests.debug.xcconfig */,
				AB44764BFCCDFAA4E465630D /* Pods-CoffeeShopAppTests.release.xcconfig */,
			);
			path = Pods;
			sourceTree = "<group>";
		};
/* End PBXGroup section */

/* Begin PBXNativeTarget section */
		867EBCD22C09BA4F0013EFE9 /* CoffeeShopApp */ = {
			isa = PBXNativeTarget;
			buildConfigurationList = 867EBCFD2C09BA510013EFE9 /* Build configuration list for PBXNativeTarget "CoffeeShopApp" */;
			buildPhases = (
				4170C5B76E5EA8D752CB7972 /* [CP] Check Pods Manifest.lock */,
				867EBCCF2C09BA4F0013EFE9 /* Sources */,
				867EBCD02C09BA4F0013EFE9 /* Frameworks */,
				867EBCD12C09BA4F0013EFE9 /* Resources */,
				3E7B6E78F77F1E7C2C2C1B64 /* [CP] Embed Pods Frameworks */,
			);
			buildRules = (
			);
			dependencies = (
			);
			name = CoffeeShopApp;
			packageProductDependencies = (
				869E26762C45A1F80012CAC3 /* FirebaseAnalytics */,
				869E26782C45A1F80012CAC3 /* FirebaseAnalyticsOnDeviceConversion */,
				869E267A2C45A1F80012CAC3 /* FirebaseAnalyticsSwift */,
				869E267C2C45A1F80012CAC3 /* FirebaseAnalyticsWithoutAdIdSupport */,
				869E267E2C45A1F80012CAC3 /* FirebaseAppCheck */,
				869E26802C45A1F80012CAC3 /* FirebaseAppDistribution-Beta */,
				869E26822C45A1F80012CAC3 /* FirebaseAuth */,
				869E26842C45A1F80012CAC3 /* FirebaseAuthCombine-Community */,
				869E26862C45A1F80012CAC3 /* FirebaseCrashlytics */,
				869E26882C45A1F80012CAC3 /* FirebaseDatabase */,
				869E268A2C45A1F80012CAC3 /* FirebaseDatabaseSwift */,
				869E268C2C45A1F80012CAC3 /* FirebaseDynamicLinks */,
				869E268E2C45A1F80012CAC3 /* FirebaseFirestore */,
				869E26902C45A1F80012CAC3 /* FirebaseFirestoreCombine-Community */,
				869E26922C45A1F80012CAC3 /* FirebaseFirestoreSwift */,
				869E26942C45A1F80012CAC3 /* FirebaseFunctions */,
				869E26962C45A1F80012CAC3 /* FirebaseFunctionsCombine-Community */,
				869E26982C45A1F80012CAC3 /* FirebaseInAppMessaging-Beta */,
				869E269A2C45A1F80012CAC3 /* FirebaseInAppMessagingSwift-Beta */,
				869E269C2C45A1F80012CAC3 /* FirebaseInstallations */,
				869E269E2C45A1F80012CAC3 /* FirebaseMLModelDownloader */,
				869E26A02C45A1F80012CAC3 /* FirebaseMessaging */,
				869E26A22C45A1F80012CAC3 /* FirebasePerformance */,
				869E26A42C45A1F80012CAC3 /* FirebaseRemoteConfig */,
				869E26A62C45A1F80012CAC3 /* FirebaseRemoteConfigSwift */,
				869E26A82C45A1F80012CAC3 /* FirebaseStorage */,
				869E26AA2C45A1F80012CAC3 /* FirebaseStorageCombine-Community */,
				869E26AC2C45A1F80012CAC3 /* FirebaseVertexAI-Preview */,
			);
			productName = CoffeeShopApp;
			productReference = 867EBCD32C09BA4F0013EFE9 /* CoffeeShopApp.app */;
			productType = "com.apple.product-type.application";
		};
		867EBCE82C09BA510013EFE9 /* CoffeeShopAppTests */ = {
			isa = PBXNativeTarget;
			buildConfigurationList = 867EBD002C09BA510013EFE9 /* Build configuration list for PBXNativeTarget "CoffeeShopAppTests" */;
			buildPhases = (
				373D1D532DB393843864DA92 /* [CP] Check Pods Manifest.lock */,
				867EBCE52C09BA510013EFE9 /* Sources */,
				867EBCE62C09BA510013EFE9 /* Frameworks */,
				867EBCE72C09BA510013EFE9 /* Resources */,
			);
			buildRules = (
			);
			dependencies = (
				867EBCEB2C09BA510013EFE9 /* PBXTargetDependency */,
			);
			name = CoffeeShopAppTests;
			productName = CoffeeShopAppTests;
			productReference = 867EBCE92C09BA510013EFE9 /* CoffeeShopAppTests.xctest */;
			productType = "com.apple.product-type.bundle.unit-test";
		};
		867EBCF22C09BA510013EFE9 /* CoffeeShopAppUITests */ = {
			isa = PBXNativeTarget;
			buildConfigurationList = 867EBD032C09BA510013EFE9 /* Build configuration list for PBXNativeTarget "CoffeeShopAppUITests" */;
			buildPhases = (
				1EE2A43A9BBA0AB54B8AA836 /* [CP] Check Pods Manifest.lock */,
				867EBCEF2C09BA510013EFE9 /* Sources */,
				867EBCF02C09BA510013EFE9 /* Frameworks */,
				867EBCF12C09BA510013EFE9 /* Resources */,
				28BCD7258DA38FFC11E4CF3A /* [CP] Embed Pods Frameworks */,
			);
			buildRules = (
			);
			dependencies = (
				867EBCF52C09BA510013EFE9 /* PBXTargetDependency */,
			);
			name = CoffeeShopAppUITests;
			productName = CoffeeShopAppUITests;
			productReference = 867EBCF32C09BA510013EFE9 /* CoffeeShopAppUITests.xctest */;
			productType = "com.apple.product-type.bundle.ui-testing";
		};
/* End PBXNativeTarget section */

/* Begin PBXProject section */
		867EBCCB2C09BA4F0013EFE9 /* Project object */ = {
			isa = PBXProject;
			attributes = {
				BuildIndependentTargetsInParallel = 1;
				LastSwiftUpdateCheck = 1540;
				LastUpgradeCheck = 1540;
				TargetAttributes = {
					867EBCD22C09BA4F0013EFE9 = {
						CreatedOnToolsVersion = 15.4;
					};
					867EBCE82C09BA510013EFE9 = {
						CreatedOnToolsVersion = 15.4;
						TestTargetID = 867EBCD22C09BA4F0013EFE9;
					};
					867EBCF22C09BA510013EFE9 = {
						CreatedOnToolsVersion = 15.4;
						TestTargetID = 867EBCD22C09BA4F0013EFE9;
					};
				};
			};
			buildConfigurationList = 867EBCCE2C09BA4F0013EFE9 /* Build configuration list for PBXProject "CoffeeShopApp" */;
			compatibilityVersion = "Xcode 14.0";
			developmentRegion = en;
			hasScannedForEncodings = 0;
			knownRegions = (
				en,
				Base,
			);
			mainGroup = 867EBCCA2C09BA4F0013EFE9;
			packageReferences = (
				869E26752C45A1F80012CAC3 /* XCRemoteSwiftPackageReference "firebase-ios-sdk" */,
			);
			productRefGroup = 867EBCD42C09BA4F0013EFE9 /* Products */;
			projectDirPath = "";
			projectRoot = "";
			targets = (
				867EBCD22C09BA4F0013EFE9 /* CoffeeShopApp */,
				867EBCE82C09BA510013EFE9 /* CoffeeShopAppTests */,
				867EBCF22C09BA510013EFE9 /* CoffeeShopAppUITests */,
			);
		};
/* End PBXProject section */

/* Begin PBXResourcesBuildPhase section */
		867EBCD12C09BA4F0013EFE9 /* Resources */ = {
			isa = PBXResourcesBuildPhase;
			buildActionMask = 2147483647;
			files = (
				867EBCE02C09BA510013EFE9 /* Assets.xcassets in Resources */,
				867EBCE32C09BA510013EFE9 /* Base in Resources */,
				869E26742C45A1700012CAC3 /* GoogleService-Info.plist in Resources */,
			);
			runOnlyForDeploymentPostprocessing = 0;
		};
		867EBCE72C09BA510013EFE9 /* Resources */ = {
			isa = PBXResourcesBuildPhase;
			buildActionMask = 2147483647;
			files = (
			);
			runOnlyForDeploymentPostprocessing = 0;
		};
		867EBCF12C09BA510013EFE9 /* Resources */ = {
			isa = PBXResourcesBuildPhase;
			buildActionMask = 2147483647;
			files = (
			);
			runOnlyForDeploymentPostprocessing = 0;
		};
/* End PBXResourcesBuildPhase section */

/* Begin PBXShellScriptBuildPhase section */
		1EE2A43A9BBA0AB54B8AA836 /* [CP] Check Pods Manifest.lock */ = {
			isa = PBXShellScriptBuildPhase;
			buildActionMask = 2147483647;
			files = (
			);
			inputFileListPaths = (
			);
			inputPaths = (
				"${PODS_PODFILE_DIR_PATH}/Podfile.lock",
				"${PODS_ROOT}/Manifest.lock",
			);
			name = "[CP] Check Pods Manifest.lock";
			outputFileListPaths = (
			);
			outputPaths = (
				"$(DERIVED_FILE_DIR)/Pods-CoffeeShopApp-CoffeeShopAppUITests-checkManifestLockResult.txt",
			);
			runOnlyForDeploymentPostprocessing = 0;
			shellPath = /bin/sh;
			shellScript = "diff \"${PODS_PODFILE_DIR_PATH}/Podfile.lock\" \"${PODS_ROOT}/Manifest.lock\" > /dev/null\nif [ $? != 0 ] ; then\n    # print error to STDERR\n    echo \"error: The sandbox is not in sync with the Podfile.lock. Run 'pod install' or update your CocoaPods installation.\" >&2\n    exit 1\nfi\n# This output is used by Xcode 'outputs' to avoid re-running this script phase.\necho \"SUCCESS\" > \"${SCRIPT_OUTPUT_FILE_0}\"\n";
			showEnvVarsInLog = 0;
		};
		28BCD7258DA38FFC11E4CF3A /* [CP] Embed Pods Frameworks */ = {
			isa = PBXShellScriptBuildPhase;
			buildActionMask = 2147483647;
			files = (
			);
			inputFileListPaths = (
				"${PODS_ROOT}/Target Support Files/Pods-CoffeeShopApp-CoffeeShopAppUITests/Pods-CoffeeShopApp-CoffeeShopAppUITests-frameworks-${CONFIGURATION}-input-files.xcfilelist",
			);
			name = "[CP] Embed Pods Frameworks";
			outputFileListPaths = (
				"${PODS_ROOT}/Target Support Files/Pods-CoffeeShopApp-CoffeeShopAppUITests/Pods-CoffeeShopApp-CoffeeShopAppUITests-frameworks-${CONFIGURATION}-output-files.xcfilelist",
			);
			runOnlyForDeploymentPostprocessing = 0;
			shellPath = /bin/sh;
			shellScript = "\"${PODS_ROOT}/Target Support Files/Pods-CoffeeShopApp-CoffeeShopAppUITests/Pods-CoffeeShopApp-CoffeeShopAppUITests-frameworks.sh\"\n";
			showEnvVarsInLog = 0;
		};
		373D1D532DB393843864DA92 /* [CP] Check Pods Manifest.lock */ = {
			isa = PBXShellScriptBuildPhase;
			buildActionMask = 2147483647;
			files = (
			);
			inputFileListPaths = (
			);
			inputPaths = (
				"${PODS_PODFILE_DIR_PATH}/Podfile.lock",
				"${PODS_ROOT}/Manifest.lock",
			);
			name = "[CP] Check Pods Manifest.lock";
			outputFileListPaths = (
			);
			outputPaths = (
				"$(DERIVED_FILE_DIR)/Pods-CoffeeShopAppTests-checkManifestLockResult.txt",
			);
			runOnlyForDeploymentPostprocessing = 0;
			shellPath = /bin/sh;
			shellScript = "diff \"${PODS_PODFILE_DIR_PATH}/Podfile.lock\" \"${PODS_ROOT}/Manifest.lock\" > /dev/null\nif [ $? != 0 ] ; then\n    # print error to STDERR\n    echo \"error: The sandbox is not in sync with the Podfile.lock. Run 'pod install' or update your CocoaPods installation.\" >&2\n    exit 1\nfi\n# This output is used by Xcode 'outputs' to avoid re-running this script phase.\necho \"SUCCESS\" > \"${SCRIPT_OUTPUT_FILE_0}\"\n";
			showEnvVarsInLog = 0;
		};
		3E7B6E78F77F1E7C2C2C1B64 /* [CP] Embed Pods Frameworks */ = {
			isa = PBXShellScriptBuildPhase;
			buildActionMask = 2147483647;
			files = (
			);
			inputFileListPaths = (
				"${PODS_ROOT}/Target Support Files/Pods-CoffeeShopApp/Pods-CoffeeShopApp-frameworks-${CONFIGURATION}-input-files.xcfilelist",
			);
			name = "[CP] Embed Pods Frameworks";
			outputFileListPaths = (
				"${PODS_ROOT}/Target Support Files/Pods-CoffeeShopApp/Pods-CoffeeShopApp-frameworks-${CONFIGURATION}-output-files.xcfilelist",
			);
			runOnlyForDeploymentPostprocessing = 0;
			shellPath = /bin/sh;
			shellScript = "\"${PODS_ROOT}/Target Support Files/Pods-CoffeeShopApp/Pods-CoffeeShopApp-frameworks.sh\"\n";
			showEnvVarsInLog = 0;
		};
		4170C5B76E5EA8D752CB7972 /* [CP] Check Pods Manifest.lock */ = {
			isa = PBXShellScriptBuildPhase;
			buildActionMask = 2147483647;
			files = (
			);
			inputFileListPaths = (
			);
			inputPaths = (
				"${PODS_PODFILE_DIR_PATH}/Podfile.lock",
				"${PODS_ROOT}/Manifest.lock",
			);
			name = "[CP] Check Pods Manifest.lock";
			outputFileListPaths = (
			);
			outputPaths = (
				"$(DERIVED_FILE_DIR)/Pods-CoffeeShopApp-checkManifestLockResult.txt",
			);
			runOnlyForDeploymentPostprocessing = 0;
			shellPath = /bin/sh;
			shellScript = "diff \"${PODS_PODFILE_DIR_PATH}/Podfile.lock\" \"${PODS_ROOT}/Manifest.lock\" > /dev/null\nif [ $? != 0 ] ; then\n    # print error to STDERR\n    echo \"error: The sandbox is not in sync with the Podfile.lock. Run 'pod install' or update your CocoaPods installation.\" >&2\n    exit 1\nfi\n# This output is used by Xcode 'outputs' to avoid re-running this script phase.\necho \"SUCCESS\" > \"${SCRIPT_OUTPUT_FILE_0}\"\n";
			showEnvVarsInLog = 0;
		};
/* End PBXShellScriptBuildPhase section */

/* Begin PBXSourcesBuildPhase section */
		867EBCCF2C09BA4F0013EFE9 /* Sources */ = {
			isa = PBXSourcesBuildPhase;
			buildActionMask = 2147483647;
			files = (
				86D605C62C47019200C9C579 /* NetworkManager.swift in Sources */,
				867EBD102C0A2E020013EFE9 /* LoginViewController.swift in Sources */,
				86C64DE62C44F39D00FF08D3 /* OrderDetailViewController.swift in Sources */,
				869E26AF2C45A7BE0012CAC3 /* UIViewController+Ext.swift in Sources */,
				86D605C92C47022000C9C579 /* CoffeeBeansModel.swift in Sources */,
				861809F12C1AC0A1009AEF08 /* FavoriteView.swift in Sources */,
				8612173F2C47F6020001BE7D /* Passcode.swift in Sources */,
				867EBCDB2C09BA4F0013EFE9 /* SignUpViewController.swift in Sources */,
				861809FB2C1AD0CA009AEF08 /* OrderTableViewCell.swift in Sources */,
				862E7F292C1C5392009B7989 /* ScanPayViewController.swift in Sources */,
				869E87272C0CB1E400EF219B /* TabBarController.swift in Sources */,
				8666A2842C52690E006DA056 /* CoffeeModel.swift in Sources */,
				861809F32C1AC29F009AEF08 /* FavoriteCollectionViewCell.swift in Sources */,
				862420472C2D7CB200CB10B3 /* ProfileHeaderCell.swift in Sources */,
				8666A2822C526887006DA056 /* CoffeeManager.swift in Sources */,
				861217412C47F6500001BE7D /* Pin.swift in Sources */,
				8612173A2C47F27C0001BE7D /* OrderCoffeeBeansDetailViewController.swift in Sources */,
				867EBCD72C09BA4F0013EFE9 /* AppDelegate.swift in Sources */,
				862E7F2E2C1C5C22009B7989 /* ScanPayCollectionViewCell.swift in Sources */,
				867EBD132C0A32220013EFE9 /* OnboardingViewController.swift in Sources */,
				867EBD082C09C1690013EFE9 /* BaseButton.swift in Sources */,
				86D605CB2C47032900C9C579 /* CoffeeBeansView.swift in Sources */,
				86D605CD2C4704A900C9C579 /* CoffeeBeansCell.swift in Sources */,
				86C64DE82C44F43F00FF08D3 /* OrderSelectView.swift in Sources */,
				8624204B2C2D8B6000CB10B3 /* LeftLabelRightButtonCell.swift in Sources */,
				861809FF2C1AD4DD009AEF08 /* DrinksCollectionViewCell.swift in Sources */,
				867EBD152C0A33170013EFE9 /* OnboardingModel.swift in Sources */,
				86A6FC032C511CD600C2990F /* BiometricAuthManager.swift in Sources */,
				862E7F2C2C1C5B63009B7989 /* ScanPayView.swift in Sources */,
				867EBD0E2C0A2D4F0013EFE9 /* BaseShadowView.swift in Sources */,
				867EBD172C0A34230013EFE9 /* OnboardingCollectionViewCell.swift in Sources */,
				861809F82C1ACC65009AEF08 /* OrderViewController.swift in Sources */,
				867EBD0C2C09C5DC0013EFE9 /* BaseInput.swift in Sources */,
				8612173D2C47F5E40001BE7D /* PassCodeViewController.swift in Sources */,
				862420452C2D7B7E00CB10B3 /* ProfileViewController.swift in Sources */,
				861809ED2C19896F009AEF08 /* WelcomeView.swift in Sources */,
				861809F52C1AC3D9009AEF08 /* CollectionTableViewCell+ext.swift in Sources */,
				861809EA2C197840009AEF08 /* UIView+ext.swift in Sources */,
				861809EF2C1989F1009AEF08 /* BonusView.swift in Sources */,
				865BD45D2C245874005C3FA9 /* RewardView.swift in Sources */,
				867EBCD92C09BA4F0013EFE9 /* SceneDelegate.swift in Sources */,
				861809FD2C1AD4A4009AEF08 /* DrinksView.swift in Sources */,
				86C64DEB2C455C0800FF08D3 /* BucketViewController.swift in Sources */,
				862420492C2D847200CB10B3 /* LeftLabelRightIconCell.swift in Sources */,
				869E872A2C0CB33900EF219B /* HomeViewController.swift in Sources */,
				861809E82C1973FA009AEF08 /* CustomNavigationController.swift in Sources */,
			);
			runOnlyForDeploymentPostprocessing = 0;
		};
		867EBCE52C09BA510013EFE9 /* Sources */ = {
			isa = PBXSourcesBuildPhase;
			buildActionMask = 2147483647;
			files = (
				867EBCEE2C09BA510013EFE9 /* CoffeeShopAppTests.swift in Sources */,
			);
			runOnlyForDeploymentPostprocessing = 0;
		};
		867EBCEF2C09BA510013EFE9 /* Sources */ = {
			isa = PBXSourcesBuildPhase;
			buildActionMask = 2147483647;
			files = (
				867EBCFA2C09BA510013EFE9 /* CoffeeShopAppUITestsLaunchTests.swift in Sources */,
				867EBCF82C09BA510013EFE9 /* CoffeeShopAppUITests.swift in Sources */,
			);
			runOnlyForDeploymentPostprocessing = 0;
		};
/* End PBXSourcesBuildPhase section */

/* Begin PBXTargetDependency section */
		867EBCEB2C09BA510013EFE9 /* PBXTargetDependency */ = {
			isa = PBXTargetDependency;
			target = 867EBCD22C09BA4F0013EFE9 /* CoffeeShopApp */;
			targetProxy = 867EBCEA2C09BA510013EFE9 /* PBXContainerItemProxy */;
		};
		867EBCF52C09BA510013EFE9 /* PBXTargetDependency */ = {
			isa = PBXTargetDependency;
			target = 867EBCD22C09BA4F0013EFE9 /* CoffeeShopApp */;
			targetProxy = 867EBCF42C09BA510013EFE9 /* PBXContainerItemProxy */;
		};
/* End PBXTargetDependency section */

/* Begin PBXVariantGroup section */
		867EBCE12C09BA510013EFE9 /* LaunchScreen.storyboard */ = {
			isa = PBXVariantGroup;
			children = (
				867EBCE22C09BA510013EFE9 /* Base */,
			);
			name = LaunchScreen.storyboard;
			sourceTree = "<group>";
		};
/* End PBXVariantGroup section */

/* Begin XCBuildConfiguration section */
		867EBCFB2C09BA510013EFE9 /* Debug */ = {
			isa = XCBuildConfiguration;
			buildSettings = {
				ALWAYS_SEARCH_USER_PATHS = NO;
				ASSETCATALOG_COMPILER_GENERATE_SWIFT_ASSET_SYMBOL_EXTENSIONS = YES;
				CLANG_ANALYZER_NONNULL = YES;
				CLANG_ANALYZER_NUMBER_OBJECT_CONVERSION = YES_AGGRESSIVE;
				CLANG_CXX_LANGUAGE_STANDARD = "gnu++20";
				CLANG_ENABLE_MODULES = YES;
				CLANG_ENABLE_OBJC_ARC = YES;
				CLANG_ENABLE_OBJC_WEAK = YES;
				CLANG_WARN_BLOCK_CAPTURE_AUTORELEASING = YES;
				CLANG_WARN_BOOL_CONVERSION = YES;
				CLANG_WARN_COMMA = YES;
				CLANG_WARN_CONSTANT_CONVERSION = YES;
				CLANG_WARN_DEPRECATED_OBJC_IMPLEMENTATIONS = YES;
				CLANG_WARN_DIRECT_OBJC_ISA_USAGE = YES_ERROR;
				CLANG_WARN_DOCUMENTATION_COMMENTS = YES;
				CLANG_WARN_EMPTY_BODY = YES;
				CLANG_WARN_ENUM_CONVERSION = YES;
				CLANG_WARN_INFINITE_RECURSION = YES;
				CLANG_WARN_INT_CONVERSION = YES;
				CLANG_WARN_NON_LITERAL_NULL_CONVERSION = YES;
				CLANG_WARN_OBJC_IMPLICIT_RETAIN_SELF = YES;
				CLANG_WARN_OBJC_LITERAL_CONVERSION = YES;
				CLANG_WARN_OBJC_ROOT_CLASS = YES_ERROR;
				CLANG_WARN_QUOTED_INCLUDE_IN_FRAMEWORK_HEADER = YES;
				CLANG_WARN_RANGE_LOOP_ANALYSIS = YES;
				CLANG_WARN_STRICT_PROTOTYPES = YES;
				CLANG_WARN_SUSPICIOUS_MOVE = YES;
				CLANG_WARN_UNGUARDED_AVAILABILITY = YES_AGGRESSIVE;
				CLANG_WARN_UNREACHABLE_CODE = YES;
				CLANG_WARN__DUPLICATE_METHOD_MATCH = YES;
				COPY_PHASE_STRIP = NO;
				DEBUG_INFORMATION_FORMAT = dwarf;
				ENABLE_STRICT_OBJC_MSGSEND = YES;
				ENABLE_TESTABILITY = YES;
				ENABLE_USER_SCRIPT_SANDBOXING = YES;
				GCC_C_LANGUAGE_STANDARD = gnu17;
				GCC_DYNAMIC_NO_PIC = NO;
				GCC_NO_COMMON_BLOCKS = YES;
				GCC_OPTIMIZATION_LEVEL = 0;
				GCC_PREPROCESSOR_DEFINITIONS = (
					"DEBUG=1",
					"$(inherited)",
				);
				GCC_WARN_64_TO_32_BIT_CONVERSION = YES;
				GCC_WARN_ABOUT_RETURN_TYPE = YES_ERROR;
				GCC_WARN_UNDECLARED_SELECTOR = YES;
				GCC_WARN_UNINITIALIZED_AUTOS = YES_AGGRESSIVE;
				GCC_WARN_UNUSED_FUNCTION = YES;
				GCC_WARN_UNUSED_VARIABLE = YES;
				IPHONEOS_DEPLOYMENT_TARGET = 17.5;
				LOCALIZATION_PREFERS_STRING_CATALOGS = YES;
				MTL_ENABLE_DEBUG_INFO = INCLUDE_SOURCE;
				MTL_FAST_MATH = YES;
				ONLY_ACTIVE_ARCH = YES;
				SDKROOT = iphoneos;
				SWIFT_ACTIVE_COMPILATION_CONDITIONS = "DEBUG $(inherited)";
				SWIFT_OPTIMIZATION_LEVEL = "-Onone";
			};
			name = Debug;
		};
		867EBCFC2C09BA510013EFE9 /* Release */ = {
			isa = XCBuildConfiguration;
			buildSettings = {
				ALWAYS_SEARCH_USER_PATHS = NO;
				ASSETCATALOG_COMPILER_GENERATE_SWIFT_ASSET_SYMBOL_EXTENSIONS = YES;
				CLANG_ANALYZER_NONNULL = YES;
				CLANG_ANALYZER_NUMBER_OBJECT_CONVERSION = YES_AGGRESSIVE;
				CLANG_CXX_LANGUAGE_STANDARD = "gnu++20";
				CLANG_ENABLE_MODULES = YES;
				CLANG_ENABLE_OBJC_ARC = YES;
				CLANG_ENABLE_OBJC_WEAK = YES;
				CLANG_WARN_BLOCK_CAPTURE_AUTORELEASING = YES;
				CLANG_WARN_BOOL_CONVERSION = YES;
				CLANG_WARN_COMMA = YES;
				CLANG_WARN_CONSTANT_CONVERSION = YES;
				CLANG_WARN_DEPRECATED_OBJC_IMPLEMENTATIONS = YES;
				CLANG_WARN_DIRECT_OBJC_ISA_USAGE = YES_ERROR;
				CLANG_WARN_DOCUMENTATION_COMMENTS = YES;
				CLANG_WARN_EMPTY_BODY = YES;
				CLANG_WARN_ENUM_CONVERSION = YES;
				CLANG_WARN_INFINITE_RECURSION = YES;
				CLANG_WARN_INT_CONVERSION = YES;
				CLANG_WARN_NON_LITERAL_NULL_CONVERSION = YES;
				CLANG_WARN_OBJC_IMPLICIT_RETAIN_SELF = YES;
				CLANG_WARN_OBJC_LITERAL_CONVERSION = YES;
				CLANG_WARN_OBJC_ROOT_CLASS = YES_ERROR;
				CLANG_WARN_QUOTED_INCLUDE_IN_FRAMEWORK_HEADER = YES;
				CLANG_WARN_RANGE_LOOP_ANALYSIS = YES;
				CLANG_WARN_STRICT_PROTOTYPES = YES;
				CLANG_WARN_SUSPICIOUS_MOVE = YES;
				CLANG_WARN_UNGUARDED_AVAILABILITY = YES_AGGRESSIVE;
				CLANG_WARN_UNREACHABLE_CODE = YES;
				CLANG_WARN__DUPLICATE_METHOD_MATCH = YES;
				COPY_PHASE_STRIP = NO;
				DEBUG_INFORMATION_FORMAT = "dwarf-with-dsym";
				ENABLE_NS_ASSERTIONS = NO;
				ENABLE_STRICT_OBJC_MSGSEND = YES;
				ENABLE_USER_SCRIPT_SANDBOXING = YES;
				GCC_C_LANGUAGE_STANDARD = gnu17;
				GCC_NO_COMMON_BLOCKS = YES;
				GCC_WARN_64_TO_32_BIT_CONVERSION = YES;
				GCC_WARN_ABOUT_RETURN_TYPE = YES_ERROR;
				GCC_WARN_UNDECLARED_SELECTOR = YES;
				GCC_WARN_UNINITIALIZED_AUTOS = YES_AGGRESSIVE;
				GCC_WARN_UNUSED_FUNCTION = YES;
				GCC_WARN_UNUSED_VARIABLE = YES;
				IPHONEOS_DEPLOYMENT_TARGET = 17.5;
				LOCALIZATION_PREFERS_STRING_CATALOGS = YES;
				MTL_ENABLE_DEBUG_INFO = NO;
				MTL_FAST_MATH = YES;
				SDKROOT = iphoneos;
				SWIFT_COMPILATION_MODE = wholemodule;
				VALIDATE_PRODUCT = YES;
			};
			name = Release;
		};
		867EBCFE2C09BA510013EFE9 /* Debug */ = {
			isa = XCBuildConfiguration;
			baseConfigurationReference = DFEAA6AB46C1657CFFB88233 /* Pods-CoffeeShopApp.debug.xcconfig */;
			buildSettings = {
				ASSETCATALOG_COMPILER_APPICON_NAME = AppIcon;
				ASSETCATALOG_COMPILER_GLOBAL_ACCENT_COLOR_NAME = AccentColor;
				CODE_SIGN_STYLE = Automatic;
				CURRENT_PROJECT_VERSION = 1;
				ENABLE_USER_SCRIPT_SANDBOXING = NO;
				GENERATE_INFOPLIST_FILE = YES;
				INFOPLIST_FILE = CoffeeShopApp/Info.plist;
				INFOPLIST_KEY_UIApplicationSupportsIndirectInputEvents = YES;
				INFOPLIST_KEY_UILaunchStoryboardName = LaunchScreen;
				INFOPLIST_KEY_UISupportedInterfaceOrientations_iPad = "UIInterfaceOrientationPortrait UIInterfaceOrientationPortraitUpsideDown UIInterfaceOrientationLandscapeLeft UIInterfaceOrientationLandscapeRight";
				INFOPLIST_KEY_UISupportedInterfaceOrientations_iPhone = "UIInterfaceOrientationPortrait UIInterfaceOrientationLandscapeLeft UIInterfaceOrientationLandscapeRight";
				IPHONEOS_DEPLOYMENT_TARGET = 17.0;
				LD_RUNPATH_SEARCH_PATHS = (
					"$(inherited)",
					"@executable_path/Frameworks",
				);
				MARKETING_VERSION = 1.0;
				PRODUCT_BUNDLE_IDENTIFIER = "Elnur-Valizada.CoffeeShopApp";
				PRODUCT_NAME = "$(TARGET_NAME)";
				SUPPORTED_PLATFORMS = "iphoneos iphonesimulator";
				SUPPORTS_MACCATALYST = NO;
				SUPPORTS_MAC_DESIGNED_FOR_IPHONE_IPAD = NO;
				SUPPORTS_XR_DESIGNED_FOR_IPHONE_IPAD = NO;
				SWIFT_EMIT_LOC_STRINGS = YES;
				SWIFT_VERSION = 5.0;
				TARGETED_DEVICE_FAMILY = "1,2";
			};
			name = Debug;
		};
		867EBCFF2C09BA510013EFE9 /* Release */ = {
			isa = XCBuildConfiguration;
			baseConfigurationReference = 8D2685C65AF27F5CD5D8CECA /* Pods-CoffeeShopApp.release.xcconfig */;
			buildSettings = {
				ASSETCATALOG_COMPILER_APPICON_NAME = AppIcon;
				ASSETCATALOG_COMPILER_GLOBAL_ACCENT_COLOR_NAME = AccentColor;
				CODE_SIGN_STYLE = Automatic;
				CURRENT_PROJECT_VERSION = 1;
				ENABLE_USER_SCRIPT_SANDBOXING = NO;
				GENERATE_INFOPLIST_FILE = YES;
				INFOPLIST_FILE = CoffeeShopApp/Info.plist;
				INFOPLIST_KEY_UIApplicationSupportsIndirectInputEvents = YES;
				INFOPLIST_KEY_UILaunchStoryboardName = LaunchScreen;
				INFOPLIST_KEY_UISupportedInterfaceOrientations_iPad = "UIInterfaceOrientationPortrait UIInterfaceOrientationPortraitUpsideDown UIInterfaceOrientationLandscapeLeft UIInterfaceOrientationLandscapeRight";
				INFOPLIST_KEY_UISupportedInterfaceOrientations_iPhone = "UIInterfaceOrientationPortrait UIInterfaceOrientationLandscapeLeft UIInterfaceOrientationLandscapeRight";
				IPHONEOS_DEPLOYMENT_TARGET = 17.0;
				LD_RUNPATH_SEARCH_PATHS = (
					"$(inherited)",
					"@executable_path/Frameworks",
				);
				MARKETING_VERSION = 1.0;
				PRODUCT_BUNDLE_IDENTIFIER = "Elnur-Valizada.CoffeeShopApp";
				PRODUCT_NAME = "$(TARGET_NAME)";
				SUPPORTED_PLATFORMS = "iphoneos iphonesimulator";
				SUPPORTS_MACCATALYST = NO;
				SUPPORTS_MAC_DESIGNED_FOR_IPHONE_IPAD = NO;
				SUPPORTS_XR_DESIGNED_FOR_IPHONE_IPAD = NO;
				SWIFT_EMIT_LOC_STRINGS = YES;
				SWIFT_VERSION = 5.0;
				TARGETED_DEVICE_FAMILY = "1,2";
			};
			name = Release;
		};
		867EBD012C09BA510013EFE9 /* Debug */ = {
			isa = XCBuildConfiguration;
			baseConfigurationReference = BFF4A9CD198AD25973C46CD0 /* Pods-CoffeeShopAppTests.debug.xcconfig */;
			buildSettings = {
				ALWAYS_EMBED_SWIFT_STANDARD_LIBRARIES = YES;
				BUNDLE_LOADER = "$(TEST_HOST)";
				CODE_SIGN_STYLE = Automatic;
				CURRENT_PROJECT_VERSION = 1;
				GENERATE_INFOPLIST_FILE = YES;
				IPHONEOS_DEPLOYMENT_TARGET = 17.5;
				MARKETING_VERSION = 1.0;
				PRODUCT_BUNDLE_IDENTIFIER = "Elnur-Valizada.CoffeeShopAppTests";
				PRODUCT_NAME = "$(TARGET_NAME)";
				SWIFT_EMIT_LOC_STRINGS = NO;
				SWIFT_VERSION = 5.0;
				TARGETED_DEVICE_FAMILY = "1,2";
				TEST_HOST = "$(BUILT_PRODUCTS_DIR)/CoffeeShopApp.app/$(BUNDLE_EXECUTABLE_FOLDER_PATH)/CoffeeShopApp";
			};
			name = Debug;
		};
		867EBD022C09BA510013EFE9 /* Release */ = {
			isa = XCBuildConfiguration;
			baseConfigurationReference = AB44764BFCCDFAA4E465630D /* Pods-CoffeeShopAppTests.release.xcconfig */;
			buildSettings = {
				ALWAYS_EMBED_SWIFT_STANDARD_LIBRARIES = YES;
				BUNDLE_LOADER = "$(TEST_HOST)";
				CODE_SIGN_STYLE = Automatic;
				CURRENT_PROJECT_VERSION = 1;
				GENERATE_INFOPLIST_FILE = YES;
				IPHONEOS_DEPLOYMENT_TARGET = 17.5;
				MARKETING_VERSION = 1.0;
				PRODUCT_BUNDLE_IDENTIFIER = "Elnur-Valizada.CoffeeShopAppTests";
				PRODUCT_NAME = "$(TARGET_NAME)";
				SWIFT_EMIT_LOC_STRINGS = NO;
				SWIFT_VERSION = 5.0;
				TARGETED_DEVICE_FAMILY = "1,2";
				TEST_HOST = "$(BUILT_PRODUCTS_DIR)/CoffeeShopApp.app/$(BUNDLE_EXECUTABLE_FOLDER_PATH)/CoffeeShopApp";
			};
			name = Release;
		};
		867EBD042C09BA510013EFE9 /* Debug */ = {
			isa = XCBuildConfiguration;
			baseConfigurationReference = CDB9EFB3ADB289708B39BD6D /* Pods-CoffeeShopApp-CoffeeShopAppUITests.debug.xcconfig */;
			buildSettings = {
				ALWAYS_EMBED_SWIFT_STANDARD_LIBRARIES = YES;
				CODE_SIGN_STYLE = Automatic;
				CURRENT_PROJECT_VERSION = 1;
				GENERATE_INFOPLIST_FILE = YES;
				MARKETING_VERSION = 1.0;
				PRODUCT_BUNDLE_IDENTIFIER = "Elnur-Valizada.CoffeeShopAppUITests";
				PRODUCT_NAME = "$(TARGET_NAME)";
				SWIFT_EMIT_LOC_STRINGS = NO;
				SWIFT_VERSION = 5.0;
				TARGETED_DEVICE_FAMILY = "1,2";
				TEST_TARGET_NAME = CoffeeShopApp;
			};
			name = Debug;
		};
		867EBD052C09BA510013EFE9 /* Release */ = {
			isa = XCBuildConfiguration;
			baseConfigurationReference = 7DBC1F723133F73520FB3F00 /* Pods-CoffeeShopApp-CoffeeShopAppUITests.release.xcconfig */;
			buildSettings = {
				ALWAYS_EMBED_SWIFT_STANDARD_LIBRARIES = YES;
				CODE_SIGN_STYLE = Automatic;
				CURRENT_PROJECT_VERSION = 1;
				GENERATE_INFOPLIST_FILE = YES;
				MARKETING_VERSION = 1.0;
				PRODUCT_BUNDLE_IDENTIFIER = "Elnur-Valizada.CoffeeShopAppUITests";
				PRODUCT_NAME = "$(TARGET_NAME)";
				SWIFT_EMIT_LOC_STRINGS = NO;
				SWIFT_VERSION = 5.0;
				TARGETED_DEVICE_FAMILY = "1,2";
				TEST_TARGET_NAME = CoffeeShopApp;
			};
			name = Release;
		};
/* End XCBuildConfiguration section */

/* Begin XCConfigurationList section */
		867EBCCE2C09BA4F0013EFE9 /* Build configuration list for PBXProject "CoffeeShopApp" */ = {
			isa = XCConfigurationList;
			buildConfigurations = (
				867EBCFB2C09BA510013EFE9 /* Debug */,
				867EBCFC2C09BA510013EFE9 /* Release */,
			);
			defaultConfigurationIsVisible = 0;
			defaultConfigurationName = Release;
		};
		867EBCFD2C09BA510013EFE9 /* Build configuration list for PBXNativeTarget "CoffeeShopApp" */ = {
			isa = XCConfigurationList;
			buildConfigurations = (
				867EBCFE2C09BA510013EFE9 /* Debug */,
				867EBCFF2C09BA510013EFE9 /* Release */,
			);
			defaultConfigurationIsVisible = 0;
			defaultConfigurationName = Release;
		};
		867EBD002C09BA510013EFE9 /* Build configuration list for PBXNativeTarget "CoffeeShopAppTests" */ = {
			isa = XCConfigurationList;
			buildConfigurations = (
				867EBD012C09BA510013EFE9 /* Debug */,
				867EBD022C09BA510013EFE9 /* Release */,
			);
			defaultConfigurationIsVisible = 0;
			defaultConfigurationName = Release;
		};
		867EBD032C09BA510013EFE9 /* Build configuration list for PBXNativeTarget "CoffeeShopAppUITests" */ = {
			isa = XCConfigurationList;
			buildConfigurations = (
				867EBD042C09BA510013EFE9 /* Debug */,
				867EBD052C09BA510013EFE9 /* Release */,
			);
			defaultConfigurationIsVisible = 0;
			defaultConfigurationName = Release;
		};
/* End XCConfigurationList section */

/* Begin XCRemoteSwiftPackageReference section */
		869E26752C45A1F80012CAC3 /* XCRemoteSwiftPackageReference "firebase-ios-sdk" */ = {
			isa = XCRemoteSwiftPackageReference;
			repositoryURL = "https://github.com/firebase/firebase-ios-sdk";
			requirement = {
				kind = upToNextMajorVersion;
				minimumVersion = 10.29.0;
			};
		};
/* End XCRemoteSwiftPackageReference section */

/* Begin XCSwiftPackageProductDependency section */
		869E26762C45A1F80012CAC3 /* FirebaseAnalytics */ = {
			isa = XCSwiftPackageProductDependency;
			package = 869E26752C45A1F80012CAC3 /* XCRemoteSwiftPackageReference "firebase-ios-sdk" */;
			productName = FirebaseAnalytics;
		};
		869E26782C45A1F80012CAC3 /* FirebaseAnalyticsOnDeviceConversion */ = {
			isa = XCSwiftPackageProductDependency;
			package = 869E26752C45A1F80012CAC3 /* XCRemoteSwiftPackageReference "firebase-ios-sdk" */;
			productName = FirebaseAnalyticsOnDeviceConversion;
		};
		869E267A2C45A1F80012CAC3 /* FirebaseAnalyticsSwift */ = {
			isa = XCSwiftPackageProductDependency;
			package = 869E26752C45A1F80012CAC3 /* XCRemoteSwiftPackageReference "firebase-ios-sdk" */;
			productName = FirebaseAnalyticsSwift;
		};
		869E267C2C45A1F80012CAC3 /* FirebaseAnalyticsWithoutAdIdSupport */ = {
			isa = XCSwiftPackageProductDependency;
			package = 869E26752C45A1F80012CAC3 /* XCRemoteSwiftPackageReference "firebase-ios-sdk" */;
			productName = FirebaseAnalyticsWithoutAdIdSupport;
		};
		869E267E2C45A1F80012CAC3 /* FirebaseAppCheck */ = {
			isa = XCSwiftPackageProductDependency;
			package = 869E26752C45A1F80012CAC3 /* XCRemoteSwiftPackageReference "firebase-ios-sdk" */;
			productName = FirebaseAppCheck;
		};
		869E26802C45A1F80012CAC3 /* FirebaseAppDistribution-Beta */ = {
			isa = XCSwiftPackageProductDependency;
			package = 869E26752C45A1F80012CAC3 /* XCRemoteSwiftPackageReference "firebase-ios-sdk" */;
			productName = "FirebaseAppDistribution-Beta";
		};
		869E26822C45A1F80012CAC3 /* FirebaseAuth */ = {
			isa = XCSwiftPackageProductDependency;
			package = 869E26752C45A1F80012CAC3 /* XCRemoteSwiftPackageReference "firebase-ios-sdk" */;
			productName = FirebaseAuth;
		};
		869E26842C45A1F80012CAC3 /* FirebaseAuthCombine-Community */ = {
			isa = XCSwiftPackageProductDependency;
			package = 869E26752C45A1F80012CAC3 /* XCRemoteSwiftPackageReference "firebase-ios-sdk" */;
			productName = "FirebaseAuthCombine-Community";
		};
		869E26862C45A1F80012CAC3 /* FirebaseCrashlytics */ = {
			isa = XCSwiftPackageProductDependency;
			package = 869E26752C45A1F80012CAC3 /* XCRemoteSwiftPackageReference "firebase-ios-sdk" */;
			productName = FirebaseCrashlytics;
		};
		869E26882C45A1F80012CAC3 /* FirebaseDatabase */ = {
			isa = XCSwiftPackageProductDependency;
			package = 869E26752C45A1F80012CAC3 /* XCRemoteSwiftPackageReference "firebase-ios-sdk" */;
			productName = FirebaseDatabase;
		};
		869E268A2C45A1F80012CAC3 /* FirebaseDatabaseSwift */ = {
			isa = XCSwiftPackageProductDependency;
			package = 869E26752C45A1F80012CAC3 /* XCRemoteSwiftPackageReference "firebase-ios-sdk" */;
			productName = FirebaseDatabaseSwift;
		};
		869E268C2C45A1F80012CAC3 /* FirebaseDynamicLinks */ = {
			isa = XCSwiftPackageProductDependency;
			package = 869E26752C45A1F80012CAC3 /* XCRemoteSwiftPackageReference "firebase-ios-sdk" */;
			productName = FirebaseDynamicLinks;
		};
		869E268E2C45A1F80012CAC3 /* FirebaseFirestore */ = {
			isa = XCSwiftPackageProductDependency;
			package = 869E26752C45A1F80012CAC3 /* XCRemoteSwiftPackageReference "firebase-ios-sdk" */;
			productName = FirebaseFirestore;
		};
		869E26902C45A1F80012CAC3 /* FirebaseFirestoreCombine-Community */ = {
			isa = XCSwiftPackageProductDependency;
			package = 869E26752C45A1F80012CAC3 /* XCRemoteSwiftPackageReference "firebase-ios-sdk" */;
			productName = "FirebaseFirestoreCombine-Community";
		};
		869E26922C45A1F80012CAC3 /* FirebaseFirestoreSwift */ = {
			isa = XCSwiftPackageProductDependency;
			package = 869E26752C45A1F80012CAC3 /* XCRemoteSwiftPackageReference "firebase-ios-sdk" */;
			productName = FirebaseFirestoreSwift;
		};
		869E26942C45A1F80012CAC3 /* FirebaseFunctions */ = {
			isa = XCSwiftPackageProductDependency;
			package = 869E26752C45A1F80012CAC3 /* XCRemoteSwiftPackageReference "firebase-ios-sdk" */;
			productName = FirebaseFunctions;
		};
		869E26962C45A1F80012CAC3 /* FirebaseFunctionsCombine-Community */ = {
			isa = XCSwiftPackageProductDependency;
			package = 869E26752C45A1F80012CAC3 /* XCRemoteSwiftPackageReference "firebase-ios-sdk" */;
			productName = "FirebaseFunctionsCombine-Community";
		};
		869E26982C45A1F80012CAC3 /* FirebaseInAppMessaging-Beta */ = {
			isa = XCSwiftPackageProductDependency;
			package = 869E26752C45A1F80012CAC3 /* XCRemoteSwiftPackageReference "firebase-ios-sdk" */;
			productName = "FirebaseInAppMessaging-Beta";
		};
		869E269A2C45A1F80012CAC3 /* FirebaseInAppMessagingSwift-Beta */ = {
			isa = XCSwiftPackageProductDependency;
			package = 869E26752C45A1F80012CAC3 /* XCRemoteSwiftPackageReference "firebase-ios-sdk" */;
			productName = "FirebaseInAppMessagingSwift-Beta";
		};
		869E269C2C45A1F80012CAC3 /* FirebaseInstallations */ = {
			isa = XCSwiftPackageProductDependency;
			package = 869E26752C45A1F80012CAC3 /* XCRemoteSwiftPackageReference "firebase-ios-sdk" */;
			productName = FirebaseInstallations;
		};
		869E269E2C45A1F80012CAC3 /* FirebaseMLModelDownloader */ = {
			isa = XCSwiftPackageProductDependency;
			package = 869E26752C45A1F80012CAC3 /* XCRemoteSwiftPackageReference "firebase-ios-sdk" */;
			productName = FirebaseMLModelDownloader;
		};
		869E26A02C45A1F80012CAC3 /* FirebaseMessaging */ = {
			isa = XCSwiftPackageProductDependency;
			package = 869E26752C45A1F80012CAC3 /* XCRemoteSwiftPackageReference "firebase-ios-sdk" */;
			productName = FirebaseMessaging;
		};
		869E26A22C45A1F80012CAC3 /* FirebasePerformance */ = {
			isa = XCSwiftPackageProductDependency;
			package = 869E26752C45A1F80012CAC3 /* XCRemoteSwiftPackageReference "firebase-ios-sdk" */;
			productName = FirebasePerformance;
		};
		869E26A42C45A1F80012CAC3 /* FirebaseRemoteConfig */ = {
			isa = XCSwiftPackageProductDependency;
			package = 869E26752C45A1F80012CAC3 /* XCRemoteSwiftPackageReference "firebase-ios-sdk" */;
			productName = FirebaseRemoteConfig;
		};
		869E26A62C45A1F80012CAC3 /* FirebaseRemoteConfigSwift */ = {
			isa = XCSwiftPackageProductDependency;
			package = 869E26752C45A1F80012CAC3 /* XCRemoteSwiftPackageReference "firebase-ios-sdk" */;
			productName = FirebaseRemoteConfigSwift;
		};
		869E26A82C45A1F80012CAC3 /* FirebaseStorage */ = {
			isa = XCSwiftPackageProductDependency;
			package = 869E26752C45A1F80012CAC3 /* XCRemoteSwiftPackageReference "firebase-ios-sdk" */;
			productName = FirebaseStorage;
		};
		869E26AA2C45A1F80012CAC3 /* FirebaseStorageCombine-Community */ = {
			isa = XCSwiftPackageProductDependency;
			package = 869E26752C45A1F80012CAC3 /* XCRemoteSwiftPackageReference "firebase-ios-sdk" */;
			productName = "FirebaseStorageCombine-Community";
		};
		869E26AC2C45A1F80012CAC3 /* FirebaseVertexAI-Preview */ = {
			isa = XCSwiftPackageProductDependency;
			package = 869E26752C45A1F80012CAC3 /* XCRemoteSwiftPackageReference "firebase-ios-sdk" */;
			productName = "FirebaseVertexAI-Preview";
		};
/* End XCSwiftPackageProductDependency section */
	};
	rootObject = 867EBCCB2C09BA4F0013EFE9 /* Project object */;
}
